# This file is automatically @generated by Cargo.
# It is not intended for manual editing.
version = 4

[[package]]
name = "bytes"
version = "1.0.0"

[[package]]
name = "coroutine"
version = "1.0.0"
dependencies = [
 "log",
]

[[package]]
name = "date"
version = "1.0.0"
dependencies = [
 "bytes",
]

[[package]]
name = "log"
version = "0.4.25"
source = "registry+https://github.com/rust-lang/crates.io-index"
checksum = "04cbf5b083de1c7e0222a7a51dbfdba1cbe1c6ab0b15e29fff3f6c077fd9cd9f"

[[package]]
name = "stack"
version = "1.0.0"

[[package]]
name = "sync"
version = "0.1.0"
